
Microsoft Visual Studio Solution File, Format Version 12.00
# Visual Studio Version 16
VisualStudioVersion = 16.0.31321.278
MinimumVisualStudioVersion = 10.0.40219.1
Project("{FAE04EC0-301F-11D3-BF4B-00C04F79EFBC}") = "RArray", "RArray\RArray.csproj", "{69AF31AD-2953-4A98-ABC0-E444913CD3D1}"
EndProject
Global
	GlobalSection(SolutionConfigurationPlatforms) = preSolution
		Debug|Any CPU = Debug|Any CPU
		Release|Any CPU = Release|Any CPU
	EndGlobalSection
	GlobalSection(ProjectConfigurationPlatforms) = postSolution
		{69AF31AD-2953-4A98-ABC0-E444913CD3D1}.Debug|Any CPU.ActiveCfg = Debug|Any CPU
		{69AF31AD-2953-4A98-ABC0-E444913CD3D1}.Debug|Any CPU.Build.0 = Debug|Any CPU
		{69AF31AD-2953-4A98-ABC0-E444913CD3D1}.Release|Any CPU.ActiveCfg = Release|Any CPU
		{69AF31AD-2953-4A98-ABC0-E444913CD3D1}.Release|Any CPU.Build.0 = Release|Any CPU
	EndGlobalSection
	GlobalSection(SolutionProperties) = preSolution
		HideSolutionNode = FALSE
	EndGlobalSection
	GlobalSection(ExtensibilityGlobals) = postSolution
		SolutionGuid = {D5513C1C-F4D0-4267-9FCE-A9E1394A1744}
	EndGlobalSection
EndGlobal
